// !$*UTF8*$!
{
	archiveVersion = 1;
	classes = {
	};
	objectVersion = 46;
	objects = {

/* Begin PBXBuildFile section */
		EAFBA2191DB53A6A008CA8DC /* main.c in Sources */ = {isa = PBXBuildFile; fileRef = EAFBA2181DB53A6A008CA8DC /* main.c */; };
/* End PBXBuildFile section */

/* Begin PBXCopyFilesBuildPhase section */
		EAFBA2131DB53A6A008CA8DC /* CopyFiles */ = {
			isa = PBXCopyFilesBuildPhase;
			buildActionMask = 2147483647;
			dstPath = /usr/share/man/man1/;
			dstSubfolderSpec = 0;
			files = (
			);
			runOnlyForDeploymentPostprocessing = 1;
		};
/* End PBXCopyFilesBuildPhase section */

/* Begin PBXFileReference section */
		EAFBA2151DB53A6A008CA8DC /* Sale Price of Shoes */ = {isa = PBXFileReference; explicitFileType = "compiled.mach-o.executable"; includeInIndex = 0; path = "Sale Price of Shoes"; sourceTree = BUILT_PRODUCTS_DIR; };
		EAFBA2181DB53A6A008CA8DC /* main.c */ = {isa = PBXFileReference; lastKnownFileType = sourcecode.c.c; path = main.c; sourceTree = "<group>"; };
/* End PBXFileReference section */

/* Begin PBXFrameworksBuildPhase section */
		EAFBA2121DB53A6A008CA8DC /* Frameworks */ = {
			isa = PBXFrameworksBuildPhase;
			buildActionMask = 2147483647;
			files = (
			);
			runOnlyForDeploymentPostprocessing = 0;
		};
/* End PBXFrameworksBuildPhase section */

/* Begin PBXGroup section */
		EAFBA20C1DB53A6A008CA8DC = {
			isa = PBXGroup;
			children = (
				EAFBA2171DB53A6A008CA8DC /* Sale Price of Shoes */,
				EAFBA2161DB53A6A008CA8DC /* Products */,
			);
			sourceTree = "<group>";
		};
		EAFBA2161DB53A6A008CA8DC /* Products */ = {
			isa = PBXGroup;
			children = (
				EAFBA2151DB53A6A008CA8DC /* Sale Price of Shoes */,
			);
			name = Products;
			sourceTree = "<group>";
		};
		EAFBA2171DB53A6A008CA8DC /* Sale Price of Shoes */ = {
			isa = PBXGroup;
			children = (
				EAFBA2181DB53A6A008CA8DC /* main.c */,
			);
			path = "Sale Price of Shoes";
			sourceTree = "<group>";
		};
/* End PBXGroup section */

/* Begin PBXNativeTarget section */
		EAFBA2141DB53A6A008CA8DC /* Sale Price of Shoes */ = {
			isa = PBXNativeTarget;
			buildConfigurationList = EAFBA21C1DB53A6A008CA8DC /* Build configuration list for PBXNativeTarget "Sale Price of Shoes" */;
			buildPhases = (
				EAFBA2111DB53A6A008CA8DC /* Sources */,
				EAFBA2121DB53A6A008CA8DC /* Frameworks */,
				EAFBA2131DB53A6A008CA8DC /* CopyFiles */,
			);
			buildRules = (
			);
			dependencies = (
			);
			name = "Sale Price of Shoes";
			productName = "Sale Price of Shoes";
			productReference = EAFBA2151DB53A6A008CA8DC /* Sale Price of Shoes */;
			productType = "com.apple.product-type.tool";
		};
/* End PBXNativeTarget section */

/* Begin PBXProject section */
		EAFBA20D1DB53A6A008CA8DC /* Project object */ = {
			isa = PBXProject;
			attributes = {
				LastUpgradeCheck = 0730;
				ORGANIZATIONNAME = "Hsin Tai";
				TargetAttributes = {
					EAFBA2141DB53A6A008CA8DC = {
						CreatedOnToolsVersion = 7.3.1;
					};
				};
			};
			buildConfigurationList = EAFBA2101DB53A6A008CA8DC /* Build configuration list for PBXProject "Sale Price of Shoes" */;
			compatibilityVersion = "Xcode 3.2";
			developmentRegion = English;
			hasScannedForEncodings = 0;
			knownRegions = (
				en,
			);
			mainGroup = EAFBA20C1DB53A6A008CA8DC;
			productRefGroup = EAFBA2161DB53A6A008CA8DC /* Products */;
			projectDirPath = "";
			projectRoot = "";
			targets = (
				EAFBA2141DB53A6A008CA8DC /* Sale Price of Shoes */,
			);
		};
/* End PBXProject section */

/* Begin PBXSourcesBuildPhase section */
		EAFBA2111DB53A6A008CA8DC /* Sources */ = {
			isa = PBXSourcesBuildPhase;
			buildActionMask = 2147483647;
			files = (
				EAFBA2191DB53A6A008CA8DC /* main.c in Sources */,
			);
			runOnlyForDeploymentPostprocessing = 0;
		};
/* End PBXSourcesBuildPhase section */

/* Begin XCBuildConfiguration section */
		EAFBA21A1DB53A6A008CA8DC /* Debug */ = {
			isa = XCBuildConfiguration;
			buildSettings = {
				ALWAYS_SEARCH_USER_PATHS = NO;
				CLANG_ANALYZER_NONNULL = YES;
				CLANG_CXX_LANGUAGE_STANDARD = "gnu++0x";
				CLANG_CXX_LIBRARY = "libc++";
				CLANG_ENABLE_MODULES = YES;
				CLANG_ENABLE_OBJC_ARC = YES;
				CLANG_WARN_BOOL_CONVERSION = YES;
				CLANG_WARN_CONSTANT_CONVERSION = YES;
				CLANG_WARN_DIRECT_OBJC_ISA_USAGE = YES_ERROR;
				CLANG_WARN_EMPTY_BODY = YES;
				CLANG_WARN_ENUM_CONVERSION = YES;
				CLANG_WARN_INT_CONVERSION = YES;
				CLANG_WARN_OBJC_ROOT_CLASS = YES_ERROR;
				CLANG_WARN_UNREACHABLE_CODE = YES;
				CLANG_WARN__DUPLICATE_METHOD_MATCH = YES;
				CODE_SIGN_IDENTITY = "-";
				COPY_PHASE_STRIP = NO;
				DEBUG_INFORMATION_FORMAT = dwarf;
				ENABLE_STRICT_OBJC_MSGSEND = YES;
				ENABLE_TESTABILITY = YES;
				GCC_C_LANGUAGE_STANDARD = gnu99;
				GCC_DYNAMIC_NO_PIC = NO;
				GCC_NO_COMMON_BLOCKS = YES;
				GCC_OPTIMIZATION_LEVEL = 0;
				GCC_PREPROCESSOR_DEFINITIONS = (
					"DEBUG=1",
					"$(inherited)",
				);
				GCC_WARN_64_TO_32_BIT_CONVERSION = YES;
				GCC_WARN_ABOUT_RETURN_TYPE = YES_ERROR;
				GCC_WARN_UNDECLARED_SELECTOR = YES;
				GCC_WARN_UNINITIALIZED_AUTOS = YES_AGGRESSIVE;
				GCC_WARN_UNUSED_FUNCTION = YES;
				GCC_WARN_UNUSED_VARIABLE = YES;
				MACOSX_DEPLOYMENT_TARGET = 10.11;
				MTL_ENABLE_DEBUG_INFO = YES;
				ONLY_ACTIVE_ARCH = YES;
				SDKROOT = macosx;
			};
			name = Debug;
		};
		EAFBA21B1DB53A6A008CA8DC /* Release */ = {
			isa = XCBuildConfiguration;
			buildSettings = {
				ALWAYS_SEARCH_USER_PATHS = NO;
				CLANG_ANALYZER_NONNULL = YES;
				CLANG_CXX_LANGUAGE_STANDARD = "gnu++0x";
				CLANG_CXX_LIBRARY = "libc++";
				CLANG_ENABLE_MODULES = YES;
				CLANG_ENABLE_OBJC_ARC = YES;
				CLANG_WARN_BOOL_CONVERSION = YES;
				CLANG_WARN_CONSTANT_CONVERSION = YES;
				CLANG_WARN_DIRECT_OBJC_ISA_USAGE = YES_ERROR;
				CLANG_WARN_EMPTY_BODY = YES;
				CLANG_WARN_ENUM_CONVERSION = YES;
				CLANG_WARN_INT_CONVERSION = YES;
				CLANG_WARN_OBJC_ROOT_CLASS = YES_ERROR;
				CLANG_WARN_UNREACHABLE_CODE = YES;
				CLANG_WARN__DUPLICATE_METHOD_MATCH = YES;
				CODE_SIGN_IDENTITY = "-";
				COPY_PHASE_STRIP = NO;
				DEBUG_INFORMATION_FORMAT = "dwarf-with-dsym";
				ENABLE_NS_ASSERTIONS = NO;
				ENABLE_STRICT_OBJC_MSGSEND = YES;
				GCC_C_LANGUAGE_STANDARD = gnu99;
				GCC_NO_COMMON_BLOCKS = YES;
				GCC_WARN_64_TO_32_BIT_CONVERSION = YES;
				GCC_WARN_ABOUT_RETURN_TYPE = YES_ERROR;
				GCC_WARN_UNDECLARED_SELECTOR = YES;
				GCC_WARN_UNINITIALIZED_AUTOS = YES_AGGRESSIVE;
				GCC_WARN_UNUSED_FUNCTION = YES;
				GCC_WARN_UNUSED_VARIABLE = YES;
				MACOSX_DEPLOYMENT_TARGET = 10.11;
				MTL_ENABLE_DEBUG_INFO = NO;
				SDKROOT = macosx;
			};
			name = Release;
		};
		EAFBA21D1DB53A6A008CA8DC /* Debug */ = {
			isa = XCBuildConfiguration;
			buildSettings = {
				PRODUCT_NAME = "$(TARGET_NAME)";
			};
			name = Debug;
		};
		EAFBA21E1DB53A6A008CA8DC /* Release */ = {
			isa = XCBuildConfiguration;
			buildSettings = {
				PRODUCT_NAME = "$(TARGET_NAME)";
			};
			name = Release;
		};
/* End XCBuildConfiguration section */

/* Begin XCConfigurationList section */
		EAFBA2101DB53A6A008CA8DC /* Build configuration list for PBXProject "Sale Price of Shoes" */ = {
			isa = XCConfigurationList;
			buildConfigurations = (
				EAFBA21A1DB53A6A008CA8DC /* Debug */,
				EAFBA21B1DB53A6A008CA8DC /* Release */,
			);
			defaultConfigurationIsVisible = 0;
			defaultConfigurationName = Release;
		};
		EAFBA21C1DB53A6A008CA8DC /* Build configuration list for PBXNativeTarget "Sale Price of Shoes" */ = {
			isa = XCConfigurationList;
			buildConfigurations = (
				EAFBA21D1DB53A6A008CA8DC /* Debug */,
				EAFBA21E1DB53A6A008CA8DC /* Release */,
			);
			defaultConfigurationIsVisible = 0;
		};
/* End XCConfigurationList section */
	};
	rootObject = EAFBA20D1DB53A6A008CA8DC /* Project object */;
}
